
Microsoft Visual Studio Solution File, Format Version 12.00
# Visual Studio Version 17
VisualStudioVersion = 17.5.33424.131
MinimumVisualStudioVersion = 10.0.40219.1
Project("{8BC9CEB8-8B4A-11D0-8D11-00A0C91BC942}") = "23.03.05-动态两边-头插法", "23.03.05-动态两边-头插法.vcxproj", "{277EA9F6-F5BC-4A6C-95BF-ED2EC1A345D2}"
EndProject
Global
	GlobalSection(SolutionConfigurationPlatforms) = preSolution
		Debug|x64 = Debug|x64
		Debug|x86 = Debug|x86
		Release|x64 = Release|x64
		Release|x86 = Release|x86
	EndGlobalSection
	GlobalSection(ProjectConfigurationPlatforms) = postSolution
		{277EA9F6-F5BC-4A6C-95BF-ED2EC1A345D2}.Debug|x64.ActiveCfg = Debug|x64
		{277EA9F6-F5BC-4A6C-95BF-ED2EC1A345D2}.Debug|x64.Build.0 = Debug|x64
		{277EA9F6-F5BC-4A6C-95BF-ED2EC1A345D2}.Debug|x86.ActiveCfg = Debug|Win32
		{277EA9F6-F5BC-4A6C-95BF-ED2EC1A345D2}.Debug|x86.Build.0 = Debug|Win32
		{277EA9F6-F5BC-4A6C-95BF-ED2EC1A345D2}.Release|x64.ActiveCfg = Release|x64
		{277EA9F6-F5BC-4A6C-95BF-ED2EC1A345D2}.Release|x64.Build.0 = Release|x64
		{277EA9F6-F5BC-4A6C-95BF-ED2EC1A345D2}.Release|x86.ActiveCfg = Release|Win32
		{277EA9F6-F5BC-4A6C-95BF-ED2EC1A345D2}.Release|x86.Build.0 = Release|Win32
	EndGlobalSection
	GlobalSection(SolutionProperties) = preSolution
		HideSolutionNode = FALSE
	EndGlobalSection
	GlobalSection(ExtensibilityGlobals) = postSolution
		SolutionGuid = {81DAF113-D1BB-44C7-8713-171A7158C336}
	EndGlobalSection
EndGlobal
