
Microsoft Visual Studio Solution File, Format Version 12.00
# Visual Studio Version 17
VisualStudioVersion = 17.3.32929.385
MinimumVisualStudioVersion = 10.0.40219.1
Project("{8BC9CEB8-8B4A-11D0-8D11-00A0C91BC942}") = "数据类型进阶11.22", "数据类型进阶11.22\数据类型进阶11.22.vcxproj", "{511F1489-C5F6-409D-9AF7-7CC2BEB8A706}"
EndProject
Global
	GlobalSection(SolutionConfigurationPlatforms) = preSolution
		Debug|x64 = Debug|x64
		Debug|x86 = Debug|x86
		Release|x64 = Release|x64
		Release|x86 = Release|x86
	EndGlobalSection
	GlobalSection(ProjectConfigurationPlatforms) = postSolution
		{511F1489-C5F6-409D-9AF7-7CC2BEB8A706}.Debug|x64.ActiveCfg = Debug|x64
		{511F1489-C5F6-409D-9AF7-7CC2BEB8A706}.Debug|x64.Build.0 = Debug|x64
		{511F1489-C5F6-409D-9AF7-7CC2BEB8A706}.Debug|x86.ActiveCfg = Debug|Win32
		{511F1489-C5F6-409D-9AF7-7CC2BEB8A706}.Debug|x86.Build.0 = Debug|Win32
		{511F1489-C5F6-409D-9AF7-7CC2BEB8A706}.Release|x64.ActiveCfg = Release|x64
		{511F1489-C5F6-409D-9AF7-7CC2BEB8A706}.Release|x64.Build.0 = Release|x64
		{511F1489-C5F6-409D-9AF7-7CC2BEB8A706}.Release|x86.ActiveCfg = Release|Win32
		{511F1489-C5F6-409D-9AF7-7CC2BEB8A706}.Release|x86.Build.0 = Release|Win32
	EndGlobalSection
	GlobalSection(SolutionProperties) = preSolution
		HideSolutionNode = FALSE
	EndGlobalSection
	GlobalSection(ExtensibilityGlobals) = postSolution
		SolutionGuid = {87AEA186-8F38-4DA2-8B24-47AC7A974C9D}
	EndGlobalSection
EndGlobal
