
Microsoft Visual Studio Solution File, Format Version 12.00
# Visual Studio Version 17
VisualStudioVersion = 17.5.33424.131
MinimumVisualStudioVersion = 10.0.40219.1
Project("{8BC9CEB8-8B4A-11D0-8D11-00A0C91BC942}") = "23-04-02-文件读取与操作FILE", "23-04-02-文件读取与操作FILE.vcxproj", "{71CD3BE0-0F96-470C-9D74-CB1954ADEC7A}"
EndProject
Global
	GlobalSection(SolutionConfigurationPlatforms) = preSolution
		Debug|x64 = Debug|x64
		Debug|x86 = Debug|x86
		Release|x64 = Release|x64
		Release|x86 = Release|x86
	EndGlobalSection
	GlobalSection(ProjectConfigurationPlatforms) = postSolution
		{71CD3BE0-0F96-470C-9D74-CB1954ADEC7A}.Debug|x64.ActiveCfg = Debug|x64
		{71CD3BE0-0F96-470C-9D74-CB1954ADEC7A}.Debug|x64.Build.0 = Debug|x64
		{71CD3BE0-0F96-470C-9D74-CB1954ADEC7A}.Debug|x86.ActiveCfg = Debug|Win32
		{71CD3BE0-0F96-470C-9D74-CB1954ADEC7A}.Debug|x86.Build.0 = Debug|Win32
		{71CD3BE0-0F96-470C-9D74-CB1954ADEC7A}.Release|x64.ActiveCfg = Release|x64
		{71CD3BE0-0F96-470C-9D74-CB1954ADEC7A}.Release|x64.Build.0 = Release|x64
		{71CD3BE0-0F96-470C-9D74-CB1954ADEC7A}.Release|x86.ActiveCfg = Release|Win32
		{71CD3BE0-0F96-470C-9D74-CB1954ADEC7A}.Release|x86.Build.0 = Release|Win32
	EndGlobalSection
	GlobalSection(SolutionProperties) = preSolution
		HideSolutionNode = FALSE
	EndGlobalSection
	GlobalSection(ExtensibilityGlobals) = postSolution
		SolutionGuid = {C21EF695-1C3D-4636-92F6-CAE67AD85AC7}
	EndGlobalSection
EndGlobal
