
Microsoft Visual Studio Solution File, Format Version 12.00
# Visual Studio Version 17
VisualStudioVersion = 17.4.33213.308
MinimumVisualStudioVersion = 10.0.40219.1
Project("{8BC9CEB8-8B4A-11D0-8D11-00A0C91BC942}") = "23.02.20-五子棋", "23.02.20-五子棋.vcxproj", "{370076CA-42C6-4238-A80C-9904D577069A}"
EndProject
Global
	GlobalSection(SolutionConfigurationPlatforms) = preSolution
		Debug|x64 = Debug|x64
		Debug|x86 = Debug|x86
		Release|x64 = Release|x64
		Release|x86 = Release|x86
	EndGlobalSection
	GlobalSection(ProjectConfigurationPlatforms) = postSolution
		{370076CA-42C6-4238-A80C-9904D577069A}.Debug|x64.ActiveCfg = Debug|x64
		{370076CA-42C6-4238-A80C-9904D577069A}.Debug|x64.Build.0 = Debug|x64
		{370076CA-42C6-4238-A80C-9904D577069A}.Debug|x86.ActiveCfg = Debug|Win32
		{370076CA-42C6-4238-A80C-9904D577069A}.Debug|x86.Build.0 = Debug|Win32
		{370076CA-42C6-4238-A80C-9904D577069A}.Release|x64.ActiveCfg = Release|x64
		{370076CA-42C6-4238-A80C-9904D577069A}.Release|x64.Build.0 = Release|x64
		{370076CA-42C6-4238-A80C-9904D577069A}.Release|x86.ActiveCfg = Release|Win32
		{370076CA-42C6-4238-A80C-9904D577069A}.Release|x86.Build.0 = Release|Win32
	EndGlobalSection
	GlobalSection(SolutionProperties) = preSolution
		HideSolutionNode = FALSE
	EndGlobalSection
	GlobalSection(ExtensibilityGlobals) = postSolution
		SolutionGuid = {70CF024F-90B2-40BB-9D26-45D95BF51667}
	EndGlobalSection
EndGlobal
