
Microsoft Visual Studio Solution File, Format Version 12.00
# Visual Studio Version 17
VisualStudioVersion = 17.3.32825.248
MinimumVisualStudioVersion = 10.0.40219.1
Project("{8BC9CEB8-8B4A-11D0-8D11-00A0C91BC942}") = "结构体10.26", "结构体10.26\结构体10.26.vcxproj", "{5B2E2E5D-896F-48E0-8EAC-A07A80B5EBED}"
EndProject
Global
	GlobalSection(SolutionConfigurationPlatforms) = preSolution
		Debug|x64 = Debug|x64
		Debug|x86 = Debug|x86
		Release|x64 = Release|x64
		Release|x86 = Release|x86
	EndGlobalSection
	GlobalSection(ProjectConfigurationPlatforms) = postSolution
		{5B2E2E5D-896F-48E0-8EAC-A07A80B5EBED}.Debug|x64.ActiveCfg = Debug|x64
		{5B2E2E5D-896F-48E0-8EAC-A07A80B5EBED}.Debug|x64.Build.0 = Debug|x64
		{5B2E2E5D-896F-48E0-8EAC-A07A80B5EBED}.Debug|x86.ActiveCfg = Debug|Win32
		{5B2E2E5D-896F-48E0-8EAC-A07A80B5EBED}.Debug|x86.Build.0 = Debug|Win32
		{5B2E2E5D-896F-48E0-8EAC-A07A80B5EBED}.Release|x64.ActiveCfg = Release|x64
		{5B2E2E5D-896F-48E0-8EAC-A07A80B5EBED}.Release|x64.Build.0 = Release|x64
		{5B2E2E5D-896F-48E0-8EAC-A07A80B5EBED}.Release|x86.ActiveCfg = Release|Win32
		{5B2E2E5D-896F-48E0-8EAC-A07A80B5EBED}.Release|x86.Build.0 = Release|Win32
	EndGlobalSection
	GlobalSection(SolutionProperties) = preSolution
		HideSolutionNode = FALSE
	EndGlobalSection
	GlobalSection(ExtensibilityGlobals) = postSolution
		SolutionGuid = {7633E5DB-7628-4858-B04B-A9406094C13A}
	EndGlobalSection
EndGlobal
