
Microsoft Visual Studio Solution File, Format Version 12.00
# Visual Studio Version 17
VisualStudioVersion = 17.4.33205.214
MinimumVisualStudioVersion = 10.0.40219.1
Project("{8BC9CEB8-8B4A-11D0-8D11-00A0C91BC942}") = "12.22模拟strcat函数", "12.22模拟strcat函数.vcxproj", "{4C1720D3-D8F7-4687-AFF6-B7F4CD150795}"
EndProject
Global
	GlobalSection(SolutionConfigurationPlatforms) = preSolution
		Debug|x64 = Debug|x64
		Debug|x86 = Debug|x86
		Release|x64 = Release|x64
		Release|x86 = Release|x86
	EndGlobalSection
	GlobalSection(ProjectConfigurationPlatforms) = postSolution
		{4C1720D3-D8F7-4687-AFF6-B7F4CD150795}.Debug|x64.ActiveCfg = Debug|x64
		{4C1720D3-D8F7-4687-AFF6-B7F4CD150795}.Debug|x64.Build.0 = Debug|x64
		{4C1720D3-D8F7-4687-AFF6-B7F4CD150795}.Debug|x86.ActiveCfg = Debug|Win32
		{4C1720D3-D8F7-4687-AFF6-B7F4CD150795}.Debug|x86.Build.0 = Debug|Win32
		{4C1720D3-D8F7-4687-AFF6-B7F4CD150795}.Release|x64.ActiveCfg = Release|x64
		{4C1720D3-D8F7-4687-AFF6-B7F4CD150795}.Release|x64.Build.0 = Release|x64
		{4C1720D3-D8F7-4687-AFF6-B7F4CD150795}.Release|x86.ActiveCfg = Release|Win32
		{4C1720D3-D8F7-4687-AFF6-B7F4CD150795}.Release|x86.Build.0 = Release|Win32
	EndGlobalSection
	GlobalSection(SolutionProperties) = preSolution
		HideSolutionNode = FALSE
	EndGlobalSection
	GlobalSection(ExtensibilityGlobals) = postSolution
		SolutionGuid = {0DAE1848-6541-441A-BE0C-34CBA21812C2}
	EndGlobalSection
EndGlobal
